
Microsoft Visual Studio Solution File, Format Version 12.00
# Visual Studio Version 17
VisualStudioVersion = 17.13.35931.197 d17.13
MinimumVisualStudioVersion = 10.0.40219.1
Project("{FAE04EC0-301F-11D3-BF4B-00C04F79EFBC}") = "Beyblade X Combo Generator", "Beyblade X Combo Generator\Beyblade X Combo Generator.csproj", "{1E1739F1-E4E0-47AA-A418-808AFB49ADB8}"
EndProject
Global
	GlobalSection(SolutionConfigurationPlatforms) = preSolution
		Debug|Any CPU = Debug|Any CPU
		Release|Any CPU = Release|Any CPU
	EndGlobalSection
	GlobalSection(ProjectConfigurationPlatforms) = postSolution
		{1E1739F1-E4E0-47AA-A418-808AFB49ADB8}.Debug|Any CPU.ActiveCfg = Debug|Any CPU
		{1E1739F1-E4E0-47AA-A418-808AFB49ADB8}.Debug|Any CPU.Build.0 = Debug|Any CPU
		{1E1739F1-E4E0-47AA-A418-808AFB49ADB8}.Release|Any CPU.ActiveCfg = Release|Any CPU
		{1E1739F1-E4E0-47AA-A418-808AFB49ADB8}.Release|Any CPU.Build.0 = Release|Any CPU
	EndGlobalSection
	GlobalSection(SolutionProperties) = preSolution
		HideSolutionNode = FALSE
	EndGlobalSection
	GlobalSection(ExtensibilityGlobals) = postSolution
		SolutionGuid = {945449C0-D4A1-4B7C-9B86-CCF2165D7548}
	EndGlobalSection
EndGlobal
